
Microsoft Visual Studio Solution File, Format Version 12.00
# Visual Studio Version 17
VisualStudioVersion = 17.10.34916.146
MinimumVisualStudioVersion = 10.0.40219.1
Project("{FAE04EC0-301F-11D3-BF4B-00C04F79EFBC}") = "CollectionViewDemo", "CollectionViewDemo.csproj", "{77E5AD33-5FD6-4F45-9CB8-CE79E84D5284}"
EndProject
Global
	GlobalSection(SolutionConfigurationPlatforms) = preSolution
		Debug|Any CPU = Debug|Any CPU
		Release|Any CPU = Release|Any CPU
	EndGlobalSection
	GlobalSection(ProjectConfigurationPlatforms) = postSolution
		{77E5AD33-5FD6-4F45-9CB8-CE79E84D5284}.Debug|Any CPU.ActiveCfg = Debug|Any CPU
		{77E5AD33-5FD6-4F45-9CB8-CE79E84D5284}.Debug|Any CPU.Build.0 = Debug|Any CPU
		{77E5AD33-5FD6-4F45-9CB8-CE79E84D5284}.Debug|Any CPU.Deploy.0 = Debug|Any CPU
		{77E5AD33-5FD6-4F45-9CB8-CE79E84D5284}.Release|Any CPU.ActiveCfg = Release|Any CPU
		{77E5AD33-5FD6-4F45-9CB8-CE79E84D5284}.Release|Any CPU.Build.0 = Release|Any CPU
		{77E5AD33-5FD6-4F45-9CB8-CE79E84D5284}.Release|Any CPU.Deploy.0 = Release|Any CPU
	EndGlobalSection
	GlobalSection(SolutionProperties) = preSolution
		HideSolutionNode = FALSE
	EndGlobalSection
	GlobalSection(ExtensibilityGlobals) = postSolution
		SolutionGuid = {524E03D1-F4BD-4929-BE7E-2D1CCE6DEDF2}
	EndGlobalSection
EndGlobal
