
Microsoft Visual Studio Solution File, Format Version 12.00
# Visual Studio Version 17
VisualStudioVersion = 17.8.34511.84
MinimumVisualStudioVersion = 10.0.40219.1
Project("{FAE04EC0-301F-11D3-BF4B-00C04F79EFBC}") = "PagesDemo", "PagesDemo.csproj", "{C46D4E50-AB74-4DFC-B22D-EBDF5062A02C}"
EndProject
Global
	GlobalSection(SolutionConfigurationPlatforms) = preSolution
		Debug|Any CPU = Debug|Any CPU
		Release|Any CPU = Release|Any CPU
	EndGlobalSection
	GlobalSection(ProjectConfigurationPlatforms) = postSolution
		{C46D4E50-AB74-4DFC-B22D-EBDF5062A02C}.Debug|Any CPU.ActiveCfg = Debug|Any CPU
		{C46D4E50-AB74-4DFC-B22D-EBDF5062A02C}.Debug|Any CPU.Build.0 = Debug|Any CPU
		{C46D4E50-AB74-4DFC-B22D-EBDF5062A02C}.Debug|Any CPU.Deploy.0 = Debug|Any CPU
		{C46D4E50-AB74-4DFC-B22D-EBDF5062A02C}.Release|Any CPU.ActiveCfg = Release|Any CPU
		{C46D4E50-AB74-4DFC-B22D-EBDF5062A02C}.Release|Any CPU.Build.0 = Release|Any CPU
		{C46D4E50-AB74-4DFC-B22D-EBDF5062A02C}.Release|Any CPU.Deploy.0 = Release|Any CPU
	EndGlobalSection
	GlobalSection(SolutionProperties) = preSolution
		HideSolutionNode = FALSE
	EndGlobalSection
	GlobalSection(ExtensibilityGlobals) = postSolution
		SolutionGuid = {19FCB7C9-41E7-4DA4-A603-D613C0E45939}
	EndGlobalSection
EndGlobal
