
Microsoft Visual Studio Solution File, Format Version 12.00
# Visual Studio Version 17
VisualStudioVersion = 17.10.34916.146
MinimumVisualStudioVersion = 10.0.40219.1
Project("{FAE04EC0-301F-11D3-BF4B-00C04F79EFBC}") = "StylesDemo", "StylesDemo.csproj", "{9572D157-1B87-406E-8E53-EEB43ADBC08C}"
EndProject
Global
	GlobalSection(SolutionConfigurationPlatforms) = preSolution
		Debug|Any CPU = Debug|Any CPU
		Release|Any CPU = Release|Any CPU
	EndGlobalSection
	GlobalSection(ProjectConfigurationPlatforms) = postSolution
		{9572D157-1B87-406E-8E53-EEB43ADBC08C}.Debug|Any CPU.ActiveCfg = Debug|Any CPU
		{9572D157-1B87-406E-8E53-EEB43ADBC08C}.Debug|Any CPU.Build.0 = Debug|Any CPU
		{9572D157-1B87-406E-8E53-EEB43ADBC08C}.Debug|Any CPU.Deploy.0 = Debug|Any CPU
		{9572D157-1B87-406E-8E53-EEB43ADBC08C}.Release|Any CPU.ActiveCfg = Release|Any CPU
		{9572D157-1B87-406E-8E53-EEB43ADBC08C}.Release|Any CPU.Build.0 = Release|Any CPU
		{9572D157-1B87-406E-8E53-EEB43ADBC08C}.Release|Any CPU.Deploy.0 = Release|Any CPU
	EndGlobalSection
	GlobalSection(SolutionProperties) = preSolution
		HideSolutionNode = FALSE
	EndGlobalSection
	GlobalSection(ExtensibilityGlobals) = postSolution
		SolutionGuid = {9E7B9DA1-F1E2-4C72-8C05-66E49103B906}
	EndGlobalSection
EndGlobal
