
Microsoft Visual Studio Solution File, Format Version 12.00
# Visual Studio Version 17
VisualStudioVersion = 17.10.34916.146
MinimumVisualStudioVersion = 10.0.40219.1
Project("{FAE04EC0-301F-11D3-BF4B-00C04F79EFBC}") = "Tasker", "Tasker.csproj", "{5FB78907-7A32-4B93-9B94-C11D90EDC9E8}"
EndProject
Global
	GlobalSection(SolutionConfigurationPlatforms) = preSolution
		Debug|Any CPU = Debug|Any CPU
		Release|Any CPU = Release|Any CPU
	EndGlobalSection
	GlobalSection(ProjectConfigurationPlatforms) = postSolution
		{5FB78907-7A32-4B93-9B94-C11D90EDC9E8}.Debug|Any CPU.ActiveCfg = Debug|Any CPU
		{5FB78907-7A32-4B93-9B94-C11D90EDC9E8}.Debug|Any CPU.Build.0 = Debug|Any CPU
		{5FB78907-7A32-4B93-9B94-C11D90EDC9E8}.Debug|Any CPU.Deploy.0 = Debug|Any CPU
		{5FB78907-7A32-4B93-9B94-C11D90EDC9E8}.Release|Any CPU.ActiveCfg = Release|Any CPU
		{5FB78907-7A32-4B93-9B94-C11D90EDC9E8}.Release|Any CPU.Build.0 = Release|Any CPU
		{5FB78907-7A32-4B93-9B94-C11D90EDC9E8}.Release|Any CPU.Deploy.0 = Release|Any CPU
	EndGlobalSection
	GlobalSection(SolutionProperties) = preSolution
		HideSolutionNode = FALSE
	EndGlobalSection
	GlobalSection(ExtensibilityGlobals) = postSolution
		SolutionGuid = {2E2233D8-0B15-436F-9C44-5A26D687229A}
	EndGlobalSection
EndGlobal
