
Microsoft Visual Studio Solution File, Format Version 12.00
# Visual Studio Version 17
VisualStudioVersion = 17.8.34511.84
MinimumVisualStudioVersion = 10.0.40219.1
Project("{FAE04EC0-301F-11D3-BF4B-00C04F79EFBC}") = "CodeQuotes", "CodeQuotes.csproj", "{BA0DE92C-B66D-40EA-8FF0-3F20A8EF18FF}"
EndProject
Global
	GlobalSection(SolutionConfigurationPlatforms) = preSolution
		Debug|Any CPU = Debug|Any CPU
		Release|Any CPU = Release|Any CPU
	EndGlobalSection
	GlobalSection(ProjectConfigurationPlatforms) = postSolution
		{BA0DE92C-B66D-40EA-8FF0-3F20A8EF18FF}.Debug|Any CPU.ActiveCfg = Debug|Any CPU
		{BA0DE92C-B66D-40EA-8FF0-3F20A8EF18FF}.Debug|Any CPU.Build.0 = Debug|Any CPU
		{BA0DE92C-B66D-40EA-8FF0-3F20A8EF18FF}.Debug|Any CPU.Deploy.0 = Debug|Any CPU
		{BA0DE92C-B66D-40EA-8FF0-3F20A8EF18FF}.Release|Any CPU.ActiveCfg = Release|Any CPU
		{BA0DE92C-B66D-40EA-8FF0-3F20A8EF18FF}.Release|Any CPU.Build.0 = Release|Any CPU
		{BA0DE92C-B66D-40EA-8FF0-3F20A8EF18FF}.Release|Any CPU.Deploy.0 = Release|Any CPU
	EndGlobalSection
	GlobalSection(SolutionProperties) = preSolution
		HideSolutionNode = FALSE
	EndGlobalSection
	GlobalSection(ExtensibilityGlobals) = postSolution
		SolutionGuid = {51FD4DC8-8969-447B-8241-1FDAC4D68A0B}
	EndGlobalSection
EndGlobal
