
Microsoft Visual Studio Solution File, Format Version 12.00
# Visual Studio Version 17
VisualStudioVersion = 17.8.34511.84
MinimumVisualStudioVersion = 10.0.40219.1
Project("{FAE04EC0-301F-11D3-BF4B-00C04F79EFBC}") = "Hangman", "Hangman.csproj", "{D6E4B904-01BF-4088-914B-18C86A01FFCC}"
EndProject
Global
	GlobalSection(SolutionConfigurationPlatforms) = preSolution
		Debug|Any CPU = Debug|Any CPU
		Release|Any CPU = Release|Any CPU
	EndGlobalSection
	GlobalSection(ProjectConfigurationPlatforms) = postSolution
		{D6E4B904-01BF-4088-914B-18C86A01FFCC}.Debug|Any CPU.ActiveCfg = Debug|Any CPU
		{D6E4B904-01BF-4088-914B-18C86A01FFCC}.Debug|Any CPU.Build.0 = Debug|Any CPU
		{D6E4B904-01BF-4088-914B-18C86A01FFCC}.Debug|Any CPU.Deploy.0 = Debug|Any CPU
		{D6E4B904-01BF-4088-914B-18C86A01FFCC}.Release|Any CPU.ActiveCfg = Release|Any CPU
		{D6E4B904-01BF-4088-914B-18C86A01FFCC}.Release|Any CPU.Build.0 = Release|Any CPU
		{D6E4B904-01BF-4088-914B-18C86A01FFCC}.Release|Any CPU.Deploy.0 = Release|Any CPU
	EndGlobalSection
	GlobalSection(SolutionProperties) = preSolution
		HideSolutionNode = FALSE
	EndGlobalSection
	GlobalSection(ExtensibilityGlobals) = postSolution
		SolutionGuid = {32EED65B-99DC-4786-9D2F-7E517F1A2026}
	EndGlobalSection
EndGlobal
