
Microsoft Visual Studio Solution File, Format Version 12.00
# Visual Studio Version 17
VisualStudioVersion = 17.8.34511.84
MinimumVisualStudioVersion = 10.0.40219.1
Project("{FAE04EC0-301F-11D3-BF4B-00C04F79EFBC}") = "MVVMDemo", "MVVMDemo.csproj", "{BAB168A4-8AD9-4C47-8F63-66BEAF91D958}"
EndProject
Global
	GlobalSection(SolutionConfigurationPlatforms) = preSolution
		Debug|Any CPU = Debug|Any CPU
		Release|Any CPU = Release|Any CPU
	EndGlobalSection
	GlobalSection(ProjectConfigurationPlatforms) = postSolution
		{BAB168A4-8AD9-4C47-8F63-66BEAF91D958}.Debug|Any CPU.ActiveCfg = Debug|Any CPU
		{BAB168A4-8AD9-4C47-8F63-66BEAF91D958}.Debug|Any CPU.Build.0 = Debug|Any CPU
		{BAB168A4-8AD9-4C47-8F63-66BEAF91D958}.Debug|Any CPU.Deploy.0 = Debug|Any CPU
		{BAB168A4-8AD9-4C47-8F63-66BEAF91D958}.Release|Any CPU.ActiveCfg = Release|Any CPU
		{BAB168A4-8AD9-4C47-8F63-66BEAF91D958}.Release|Any CPU.Build.0 = Release|Any CPU
		{BAB168A4-8AD9-4C47-8F63-66BEAF91D958}.Release|Any CPU.Deploy.0 = Release|Any CPU
	EndGlobalSection
	GlobalSection(SolutionProperties) = preSolution
		HideSolutionNode = FALSE
	EndGlobalSection
	GlobalSection(ExtensibilityGlobals) = postSolution
		SolutionGuid = {F13017E3-B788-48CE-BFE3-A4C9A9C8A7FF}
	EndGlobalSection
EndGlobal
